
Microsoft Visual Studio Solution File, Format Version 12.00
# Visual Studio Version 16
VisualStudioVersion = 16.0.30804.86
MinimumVisualStudioVersion = 10.0.40219.1
Project("{FAE04EC0-301F-11D3-BF4B-00C04F79EFBC}") = "BehavioralAnalysisLog", "BehavioralAnalysisLog\BehavioralAnalysisLog.csproj", "{936BAF8C-0DDA-4796-9E25-CFA5C9AD5433}"
EndProject
Global
	GlobalSection(SolutionConfigurationPlatforms) = preSolution
		Debug|Any CPU = Debug|Any CPU
		Release|Any CPU = Release|Any CPU
	EndGlobalSection
	GlobalSection(ProjectConfigurationPlatforms) = postSolution
		{936BAF8C-0DDA-4796-9E25-CFA5C9AD5433}.Debug|Any CPU.ActiveCfg = Debug|Any CPU
		{936BAF8C-0DDA-4796-9E25-CFA5C9AD5433}.Debug|Any CPU.Build.0 = Debug|Any CPU
		{936BAF8C-0DDA-4796-9E25-CFA5C9AD5433}.Release|Any CPU.ActiveCfg = Release|Any CPU
		{936BAF8C-0DDA-4796-9E25-CFA5C9AD5433}.Release|Any CPU.Build.0 = Release|Any CPU
	EndGlobalSection
	GlobalSection(SolutionProperties) = preSolution
		HideSolutionNode = FALSE
	EndGlobalSection
	GlobalSection(ExtensibilityGlobals) = postSolution
		SolutionGuid = {B01B85C8-DB91-4A09-8DFC-0741CB4E7EC9}
	EndGlobalSection
EndGlobal
